{
  "object": {
    "pins": [
      {
        "package": "FLAnimatedImage",
        "repositoryURL": "https://github.com/Flipboard/FLAnimatedImage.git",
        "state": {
          "branch": null,
          "revision": "e7f9fd4681ae41bf6f3056db08af4f401d61da52",
          "version": "1.0.16"
        }
      },
      {
        "package": "FocusEntity",
        "repositoryURL": "https://github.com/maxxfrazer/FocusEntity",
        "state": {
          "branch": "main",
          "revision": "d17dbbddd92d9b1661a42868fc51b86a3ad2fcb0",
          "version": null
        }
      },
      {
        "package": "ScrollableImage",
        "repositoryURL": "https://github.com/gtokman/ScrollableImage.git",
        "state": {
          "branch": "main",
          "revision": "3097bdaa48d1cc50f9e3d91e4a412d356085941c",
          "version": null
        }
      },
      {
        "package": "SDWebImage",
        "repositoryURL": "https://github.com/SDWebImage/SDWebImage.git",
        "state": {
          "branch": null,
          "revision": "2c53f531f1bedd253f55d85105409c28ed4a922c",
          "version": "5.12.3"
        }
      },
      {
        "package": "SDWebImageSwiftUI",
        "repositoryURL": "https://github.com/SDWebImage/SDWebImageSwiftUI.git",
        "state": {
          "branch": null,
          "revision": "cd8625b7cf11a97698e180d28bb7d5d357196678",
          "version": "2.0.2"
        }
      },
      {
        "package": "Starscream",
        "repositoryURL": "https://github.com/daltoniam/Starscream.git",
        "state": {
          "branch": null,
          "revision": "df8d82047f6654d8e4b655d1b1525c64e1059d21",
          "version": "4.0.4"
        }
      },
      {
        "package": "SwiftyJSON",
        "repositoryURL": "https://github.com/SwiftyJSON/SwiftyJSON.git",
        "state": {
          "branch": null,
          "revision": "2b6054efa051565954e1d2b9da831680026cd768",
          "version": "4.3.0"
        }
      },
      {
        "package": "ToastUI",
        "repositoryURL": "https://github.com/quanshousio/ToastUI",
        "state": {
          "branch": null,
          "revision": "e1fd43336630b40a4273a346bd9e6c250151c88d",
          "version": "2.0.0"
        }
      }
    ]
  },
  "version": 1
}
